
Microsoft Visual Studio Solution File, Format Version 12.00
# Visual Studio Version 17
VisualStudioVersion = 17.5.33516.290
MinimumVisualStudioVersion = 10.0.40219.1
Project("{FAE04EC0-301F-11D3-BF4B-00C04F79EFBC}") = "WebApp-CodeQL", "WebApp-CodeQL\WebApp-CodeQL.csproj", "{8C975B5A-4437-42C8-A739-05AB8630CB56}"
EndProject
Global
	GlobalSection(SolutionConfigurationPlatforms) = preSolution
		Debug|Any CPU = Debug|Any CPU
		Release|Any CPU = Release|Any CPU
	EndGlobalSection
	GlobalSection(ProjectConfigurationPlatforms) = postSolution
		{8C975B5A-4437-42C8-A739-05AB8630CB56}.Debug|Any CPU.ActiveCfg = Debug|Any CPU
		{8C975B5A-4437-42C8-A739-05AB8630CB56}.Debug|Any CPU.Build.0 = Debug|Any CPU
		{8C975B5A-4437-42C8-A739-05AB8630CB56}.Release|Any CPU.ActiveCfg = Release|Any CPU
		{8C975B5A-4437-42C8-A739-05AB8630CB56}.Release|Any CPU.Build.0 = Release|Any CPU
	EndGlobalSection
	GlobalSection(SolutionProperties) = preSolution
		HideSolutionNode = FALSE
	EndGlobalSection
	GlobalSection(ExtensibilityGlobals) = postSolution
		SolutionGuid = {21AF4119-C5EA-4D23-B085-94371BC11911}
	EndGlobalSection
EndGlobal
